{
  "name": "enable-spa",
  "lockfileVersion": 3,
  "requires": true,
  "packages": {
    "": {
      "dependencies": {
        "@firebase/auth": "^1.12.0"
      }
    },
    "node_modules/@firebase/app": {
      "version": "0.14.8",
      "resolved": "https://imnet-613988081627.d.codeartifact.eu-north-1.amazonaws.com/npm/imnet-js/@firebase/app/-/app-0.14.8.tgz",
      "integrity": "sha512-WiE9uCGRLUnShdjb9iP20sA3ToWrBbNXr14/N5mow7Nls9dmKgfGaGX5cynLvrltxq2OrDLh1VDNaUgsnS/k/g==",
      "license": "Apache-2.0",
      "peer": true,
      "dependencies": {
        "@firebase/component": "0.7.0",
        "@firebase/logger": "0.5.0",
        "@firebase/util": "1.13.0",
        "idb": "7.1.1",
        "tslib": "^2.1.0"
      },
      "engines": {
        "node": ">=20.0.0"
      }
    },
    "node_modules/@firebase/auth": {
      "version": "1.12.0",
      "resolved": "https://imnet-613988081627.d.codeartifact.eu-north-1.amazonaws.com/npm/imnet-js/@firebase/auth/-/auth-1.12.0.tgz",
      "integrity": "sha512-zkvLpsrxynWHk07qGrUDfCSqKf4AvfZGEqJ7mVCtYGjNNDbGE71k0Yn84rg8QEZu4hQw1BC0qDEHzpNVBcSVmA==",
      "license": "Apache-2.0",
      "dependencies": {
        "@firebase/component": "0.7.0",
        "@firebase/logger": "0.5.0",
        "@firebase/util": "1.13.0",
        "tslib": "^2.1.0"
      },
      "engines": {
        "node": ">=20.0.0"
      },
      "peerDependencies": {
        "@firebase/app": "0.x",
        "@react-native-async-storage/async-storage": "^2.2.0"
      },
      "peerDependenciesMeta": {
        "@react-native-async-storage/async-storage": {
          "optional": true
        }
      }
    },
    "node_modules/@firebase/component": {
      "version": "0.7.0",
      "resolved": "https://imnet-613988081627.d.codeartifact.eu-north-1.amazonaws.com/npm/imnet-js/@firebase/component/-/component-0.7.0.tgz",
      "integrity": "sha512-wR9En2A+WESUHexjmRHkqtaVH94WLNKt6rmeqZhSLBybg4Wyf0Umk04SZsS6sBq4102ZsDBFwoqMqJYj2IoDSg==",
      "license": "Apache-2.0",
      "dependencies": {
        "@firebase/util": "1.13.0",
        "tslib": "^2.1.0"
      },
      "engines": {
        "node": ">=20.0.0"
      }
    },
    "node_modules/@firebase/logger": {
      "version": "0.5.0",
      "resolved": "https://imnet-613988081627.d.codeartifact.eu-north-1.amazonaws.com/npm/imnet-js/@firebase/logger/-/logger-0.5.0.tgz",
      "integrity": "sha512-cGskaAvkrnh42b3BA3doDWeBmuHFO/Mx5A83rbRDYakPjO9bJtRL3dX7javzc2Rr/JHZf4HlterTW2lUkfeN4g==",
      "license": "Apache-2.0",
      "dependencies": {
        "tslib": "^2.1.0"
      },
      "engines": {
        "node": ">=20.0.0"
      }
    },
    "node_modules/@firebase/util": {
      "version": "1.13.0",
      "resolved": "https://imnet-613988081627.d.codeartifact.eu-north-1.amazonaws.com/npm/imnet-js/@firebase/util/-/util-1.13.0.tgz",
      "integrity": "sha512-0AZUyYUfpMNcztR5l09izHwXkZpghLgCUaAGjtMwXnCg3bj4ml5VgiwqOMOxJ+Nw4qN/zJAaOQBcJ7KGkWStqQ==",
      "hasInstallScript": true,
      "license": "Apache-2.0",
      "dependencies": {
        "tslib": "^2.1.0"
      },
      "engines": {
        "node": ">=20.0.0"
      }
    },
    "node_modules/idb": {
      "version": "7.1.1",
      "resolved": "https://imnet-613988081627.d.codeartifact.eu-north-1.amazonaws.com/npm/imnet-js/idb/-/idb-7.1.1.tgz",
      "integrity": "sha512-gchesWBzyvGHRO9W8tzUWFDycow5gwjvFKfyV9FF32Y7F50yZMp7mP+T2mJIWFx49zicqyC4uefHM17o6xKIVQ==",
      "license": "ISC",
      "peer": true
    },
    "node_modules/tslib": {
      "version": "2.8.1",
      "resolved": "https://imnet-613988081627.d.codeartifact.eu-north-1.amazonaws.com/npm/imnet-js/tslib/-/tslib-2.8.1.tgz",
      "integrity": "sha512-oJFu94HQb+KVduSUQL7wnpmqnfmLsOA/nAh6b6EH0wCEoK0/mPeXU6c3wKDV83MkOuHPRHtSXKKU99IBazS/2w==",
      "license": "0BSD"
    }
  }
}
